
Microsoft Visual Studio Solution File, Format Version 12.00
# Visual Studio Version 16
VisualStudioVersion = 16.0.30611.23
MinimumVisualStudioVersion = 10.0.40219.1
Project("{2150E333-8FDC-42A3-9474-1A3956D46DE8}") = "Solution Items", "Solution Items", "{F6452D98-783A-475D-8E75-70C931172EA7}"
	ProjectSection(SolutionItems) = preProject
		.gitignore = .gitignore
	EndProjectSection
EndProject
Project("{9A19103F-16F7-4668-BE54-9A1E7A4F7556}") = "DistributedAsync", "src\DistributedAsync\DistributedAsync.csproj", "{82A0E3BE-4422-48B7-9D4D-19675C0F940F}"
EndProject
Project("{FAE04EC0-301F-11D3-BF4B-00C04F79EFBC}") = "Client", "src\Sample\Client\Client.csproj", "{2C5296B4-1E6E-4173-B1D3-B0E07FCF88A3}"
EndProject
Project("{2150E333-8FDC-42A3-9474-1A3956D46DE8}") = "Sample", "Sample", "{915115B6-8854-4D84-BEC5-EEB3606BC406}"
EndProject
Project("{FAE04EC0-301F-11D3-BF4B-00C04F79EFBC}") = "WebApi", "src\Sample\WebApi\WebApi.csproj", "{CC3C3B68-3D41-4DA5-BED9-813468070F20}"
EndProject
Global
	GlobalSection(SolutionConfigurationPlatforms) = preSolution
		Debug|Any CPU = Debug|Any CPU
		Release|Any CPU = Release|Any CPU
	EndGlobalSection
	GlobalSection(ProjectConfigurationPlatforms) = postSolution
		{82A0E3BE-4422-48B7-9D4D-19675C0F940F}.Debug|Any CPU.ActiveCfg = Debug|Any CPU
		{82A0E3BE-4422-48B7-9D4D-19675C0F940F}.Debug|Any CPU.Build.0 = Debug|Any CPU
		{82A0E3BE-4422-48B7-9D4D-19675C0F940F}.Release|Any CPU.ActiveCfg = Release|Any CPU
		{82A0E3BE-4422-48B7-9D4D-19675C0F940F}.Release|Any CPU.Build.0 = Release|Any CPU
		{2C5296B4-1E6E-4173-B1D3-B0E07FCF88A3}.Debug|Any CPU.ActiveCfg = Debug|Any CPU
		{2C5296B4-1E6E-4173-B1D3-B0E07FCF88A3}.Debug|Any CPU.Build.0 = Debug|Any CPU
		{2C5296B4-1E6E-4173-B1D3-B0E07FCF88A3}.Release|Any CPU.ActiveCfg = Release|Any CPU
		{2C5296B4-1E6E-4173-B1D3-B0E07FCF88A3}.Release|Any CPU.Build.0 = Release|Any CPU
		{CC3C3B68-3D41-4DA5-BED9-813468070F20}.Debug|Any CPU.ActiveCfg = Debug|Any CPU
		{CC3C3B68-3D41-4DA5-BED9-813468070F20}.Debug|Any CPU.Build.0 = Debug|Any CPU
		{CC3C3B68-3D41-4DA5-BED9-813468070F20}.Release|Any CPU.ActiveCfg = Release|Any CPU
		{CC3C3B68-3D41-4DA5-BED9-813468070F20}.Release|Any CPU.Build.0 = Release|Any CPU
	EndGlobalSection
	GlobalSection(SolutionProperties) = preSolution
		HideSolutionNode = FALSE
	EndGlobalSection
	GlobalSection(NestedProjects) = preSolution
		{2C5296B4-1E6E-4173-B1D3-B0E07FCF88A3} = {915115B6-8854-4D84-BEC5-EEB3606BC406}
		{CC3C3B68-3D41-4DA5-BED9-813468070F20} = {915115B6-8854-4D84-BEC5-EEB3606BC406}
	EndGlobalSection
	GlobalSection(ExtensibilityGlobals) = postSolution
		SolutionGuid = {0081D219-68E2-4892-A555-C55557042060}
	EndGlobalSection
EndGlobal
